
Microsoft Visual Studio Solution File, Format Version 12.00
# Visual Studio Version 16
VisualStudioVersion = 16.0.30711.63
MinimumVisualStudioVersion = 10.0.40219.1
Project("{9A19103F-16F7-4668-BE54-9A1E7A4F7556}") = "APICoreProject", "APICoreProject\APICoreProject.csproj", "{8AB96AFE-6CC9-4C47-A41D-2EAE96EFCFF9}"
EndProject
Project("{2150E333-8FDC-42A3-9474-1A3956D46DE8}") = "3DataAccess", "3DataAccess", "{CDB7415B-34BD-44DD-9724-8CBC44A32C86}"
EndProject
Project("{9A19103F-16F7-4668-BE54-9A1E7A4F7556}") = "DAL.Repository", "DAL\DAL.Repository.csproj", "{FB89B05A-A698-4499-8BD2-7B9F70DE4BC2}"
EndProject
Project("{9A19103F-16F7-4668-BE54-9A1E7A4F7556}") = "DAL.Repository.Models", "DAL.Models\DAL.Repository.Models.csproj", "{4819F5FC-D76B-4EF7-B047-FEA51E8A1295}"
EndProject
Project("{2150E333-8FDC-42A3-9474-1A3956D46DE8}") = "1Web", "1Web", "{01B5360E-64B8-49B1-8106-6F89375F283C}"
EndProject
Project("{2150E333-8FDC-42A3-9474-1A3956D46DE8}") = "2BusinessLogic", "2BusinessLogic", "{9FBD7085-9CE5-4E7E-B87F-AF9776FE418C}"
EndProject
Project("{FAE04EC0-301F-11D3-BF4B-00C04F79EFBC}") = "BusinessLogic.Repository", "BusinessLogic.Repository\BusinessLogic.Repository.csproj", "{64F4D4F1-F6FD-47BC-A15B-702D8627ACAE}"
EndProject
Project("{FAE04EC0-301F-11D3-BF4B-00C04F79EFBC}") = "BusinessLogic.Repository.Interfaces", "BusinessLogic.Interfaces\BusinessLogic.Repository.Interfaces.csproj", "{571EB589-B09C-4B58-8205-D5A8DE3B37FC}"
EndProject
Project("{FAE04EC0-301F-11D3-BF4B-00C04F79EFBC}") = "BusinessLogic.RepositoryModels", "BusinessLogic.Models\BusinessLogic.RepositoryModels.csproj", "{F032B3E9-6FE4-4136-BBA6-81678E39D837}"
EndProject
Project("{FAE04EC0-301F-11D3-BF4B-00C04F79EFBC}") = "DAL.Repository.Interfaces", "DAL.Repository.Interfaces\DAL.Repository.Interfaces.csproj", "{E2312515-3B4C-4D71-8F74-8C803CF7442A}"
EndProject
Global
	GlobalSection(SolutionConfigurationPlatforms) = preSolution
		Debug|Any CPU = Debug|Any CPU
		Release|Any CPU = Release|Any CPU
	EndGlobalSection
	GlobalSection(ProjectConfigurationPlatforms) = postSolution
		{8AB96AFE-6CC9-4C47-A41D-2EAE96EFCFF9}.Debug|Any CPU.ActiveCfg = Debug|Any CPU
		{8AB96AFE-6CC9-4C47-A41D-2EAE96EFCFF9}.Debug|Any CPU.Build.0 = Debug|Any CPU
		{8AB96AFE-6CC9-4C47-A41D-2EAE96EFCFF9}.Release|Any CPU.ActiveCfg = Release|Any CPU
		{8AB96AFE-6CC9-4C47-A41D-2EAE96EFCFF9}.Release|Any CPU.Build.0 = Release|Any CPU
		{FB89B05A-A698-4499-8BD2-7B9F70DE4BC2}.Debug|Any CPU.ActiveCfg = Debug|Any CPU
		{FB89B05A-A698-4499-8BD2-7B9F70DE4BC2}.Debug|Any CPU.Build.0 = Debug|Any CPU
		{FB89B05A-A698-4499-8BD2-7B9F70DE4BC2}.Release|Any CPU.ActiveCfg = Release|Any CPU
		{FB89B05A-A698-4499-8BD2-7B9F70DE4BC2}.Release|Any CPU.Build.0 = Release|Any CPU
		{4819F5FC-D76B-4EF7-B047-FEA51E8A1295}.Debug|Any CPU.ActiveCfg = Debug|Any CPU
		{4819F5FC-D76B-4EF7-B047-FEA51E8A1295}.Debug|Any CPU.Build.0 = Debug|Any CPU
		{4819F5FC-D76B-4EF7-B047-FEA51E8A1295}.Release|Any CPU.ActiveCfg = Release|Any CPU
		{4819F5FC-D76B-4EF7-B047-FEA51E8A1295}.Release|Any CPU.Build.0 = Release|Any CPU
		{64F4D4F1-F6FD-47BC-A15B-702D8627ACAE}.Debug|Any CPU.ActiveCfg = Debug|Any CPU
		{64F4D4F1-F6FD-47BC-A15B-702D8627ACAE}.Debug|Any CPU.Build.0 = Debug|Any CPU
		{64F4D4F1-F6FD-47BC-A15B-702D8627ACAE}.Release|Any CPU.ActiveCfg = Release|Any CPU
		{64F4D4F1-F6FD-47BC-A15B-702D8627ACAE}.Release|Any CPU.Build.0 = Release|Any CPU
		{571EB589-B09C-4B58-8205-D5A8DE3B37FC}.Debug|Any CPU.ActiveCfg = Debug|Any CPU
		{571EB589-B09C-4B58-8205-D5A8DE3B37FC}.Debug|Any CPU.Build.0 = Debug|Any CPU
		{571EB589-B09C-4B58-8205-D5A8DE3B37FC}.Release|Any CPU.ActiveCfg = Release|Any CPU
		{571EB589-B09C-4B58-8205-D5A8DE3B37FC}.Release|Any CPU.Build.0 = Release|Any CPU
		{F032B3E9-6FE4-4136-BBA6-81678E39D837}.Debug|Any CPU.ActiveCfg = Debug|Any CPU
		{F032B3E9-6FE4-4136-BBA6-81678E39D837}.Debug|Any CPU.Build.0 = Debug|Any CPU
		{F032B3E9-6FE4-4136-BBA6-81678E39D837}.Release|Any CPU.ActiveCfg = Release|Any CPU
		{F032B3E9-6FE4-4136-BBA6-81678E39D837}.Release|Any CPU.Build.0 = Release|Any CPU
		{E2312515-3B4C-4D71-8F74-8C803CF7442A}.Debug|Any CPU.ActiveCfg = Debug|Any CPU
		{E2312515-3B4C-4D71-8F74-8C803CF7442A}.Debug|Any CPU.Build.0 = Debug|Any CPU
		{E2312515-3B4C-4D71-8F74-8C803CF7442A}.Release|Any CPU.ActiveCfg = Release|Any CPU
		{E2312515-3B4C-4D71-8F74-8C803CF7442A}.Release|Any CPU.Build.0 = Release|Any CPU
	EndGlobalSection
	GlobalSection(SolutionProperties) = preSolution
		HideSolutionNode = FALSE
	EndGlobalSection
	GlobalSection(NestedProjects) = preSolution
		{8AB96AFE-6CC9-4C47-A41D-2EAE96EFCFF9} = {01B5360E-64B8-49B1-8106-6F89375F283C}
		{FB89B05A-A698-4499-8BD2-7B9F70DE4BC2} = {CDB7415B-34BD-44DD-9724-8CBC44A32C86}
		{4819F5FC-D76B-4EF7-B047-FEA51E8A1295} = {CDB7415B-34BD-44DD-9724-8CBC44A32C86}
		{64F4D4F1-F6FD-47BC-A15B-702D8627ACAE} = {9FBD7085-9CE5-4E7E-B87F-AF9776FE418C}
		{571EB589-B09C-4B58-8205-D5A8DE3B37FC} = {9FBD7085-9CE5-4E7E-B87F-AF9776FE418C}
		{F032B3E9-6FE4-4136-BBA6-81678E39D837} = {9FBD7085-9CE5-4E7E-B87F-AF9776FE418C}
		{E2312515-3B4C-4D71-8F74-8C803CF7442A} = {CDB7415B-34BD-44DD-9724-8CBC44A32C86}
	EndGlobalSection
	GlobalSection(ExtensibilityGlobals) = postSolution
		SolutionGuid = {C21A7036-B69C-4E78-8CE2-FF481E0E20F5}
	EndGlobalSection
EndGlobal
